
Microsoft Visual Studio Solution File, Format Version 12.00
# Visual Studio Version 17
VisualStudioVersion = 17.5.33424.131
MinimumVisualStudioVersion = 10.0.40219.1
Project("{9A19103F-16F7-4668-BE54-9A1E7A4F7556}") = "TimeCalc", "TimeCalc.csproj", "{066E530E-FECB-4510-B4FB-F8EB9855D716}"
EndProject
Global
	GlobalSection(SolutionConfigurationPlatforms) = preSolution
		Debug|Any CPU = Debug|Any CPU
		Debug|x64 = Debug|x64
		Release|Any CPU = Release|Any CPU
		Release|x64 = Release|x64
	EndGlobalSection
	GlobalSection(ProjectConfigurationPlatforms) = postSolution
		{066E530E-FECB-4510-B4FB-F8EB9855D716}.Debug|Any CPU.ActiveCfg = Debug|Any CPU
		{066E530E-FECB-4510-B4FB-F8EB9855D716}.Debug|Any CPU.Build.0 = Debug|Any CPU
		{066E530E-FECB-4510-B4FB-F8EB9855D716}.Debug|x64.ActiveCfg = Debug|Any CPU
		{066E530E-FECB-4510-B4FB-F8EB9855D716}.Debug|x64.Build.0 = Debug|Any CPU
		{066E530E-FECB-4510-B4FB-F8EB9855D716}.Release|Any CPU.ActiveCfg = Release|x64
		{066E530E-FECB-4510-B4FB-F8EB9855D716}.Release|Any CPU.Build.0 = Release|x64
		{066E530E-FECB-4510-B4FB-F8EB9855D716}.Release|x64.ActiveCfg = Release|x64
		{066E530E-FECB-4510-B4FB-F8EB9855D716}.Release|x64.Build.0 = Release|x64
	EndGlobalSection
	GlobalSection(SolutionProperties) = preSolution
		HideSolutionNode = FALSE
	EndGlobalSection
	GlobalSection(ExtensibilityGlobals) = postSolution
		SolutionGuid = {333D4D8C-CD89-4350-88E7-6B54C0A262FB}
	EndGlobalSection
EndGlobal
